
Microsoft Visual Studio Solution File, Format Version 12.00
# Visual Studio 15
VisualStudioVersion = 15.0.27130.2024
MinimumVisualStudioVersion = 10.0.40219.1
Project("{FAE04EC0-301F-11D3-BF4B-00C04F79EFBC}") = "CompanyManagement.Web", "CompanyManagement.Web\CompanyManagement.Web.csproj", "{F09CAFA1-B5A0-4376-A375-0B9432EB5910}"
EndProject
Project("{FAE04EC0-301F-11D3-BF4B-00C04F79EFBC}") = "CompanyManagement.Data", "CompanyManagement.Data\CompanyManagement.Data.csproj", "{D85B8956-86C6-490D-B871-1899C268AD85}"
EndProject
Global
	GlobalSection(SolutionConfigurationPlatforms) = preSolution
		Debug|Any CPU = Debug|Any CPU
		Release|Any CPU = Release|Any CPU
	EndGlobalSection
	GlobalSection(ProjectConfigurationPlatforms) = postSolution
		{F09CAFA1-B5A0-4376-A375-0B9432EB5910}.Debug|Any CPU.ActiveCfg = Debug|Any CPU
		{F09CAFA1-B5A0-4376-A375-0B9432EB5910}.Debug|Any CPU.Build.0 = Debug|Any CPU
		{F09CAFA1-B5A0-4376-A375-0B9432EB5910}.Release|Any CPU.ActiveCfg = Release|Any CPU
		{F09CAFA1-B5A0-4376-A375-0B9432EB5910}.Release|Any CPU.Build.0 = Release|Any CPU
		{D85B8956-86C6-490D-B871-1899C268AD85}.Debug|Any CPU.ActiveCfg = Debug|Any CPU
		{D85B8956-86C6-490D-B871-1899C268AD85}.Debug|Any CPU.Build.0 = Debug|Any CPU
		{D85B8956-86C6-490D-B871-1899C268AD85}.Release|Any CPU.ActiveCfg = Release|Any CPU
		{D85B8956-86C6-490D-B871-1899C268AD85}.Release|Any CPU.Build.0 = Release|Any CPU
	EndGlobalSection
	GlobalSection(SolutionProperties) = preSolution
		HideSolutionNode = FALSE
	EndGlobalSection
	GlobalSection(ExtensibilityGlobals) = postSolution
		SolutionGuid = {6D21F778-B1C8-43DB-8E9B-249AEBC7C510}
	EndGlobalSection
EndGlobal
